
Microsoft Visual Studio Solution File, Format Version 12.00
# Visual Studio Version 17
VisualStudioVersion = 17.8.34330.188
MinimumVisualStudioVersion = 10.0.40219.1
Project("{FAE04EC0-301F-11D3-BF4B-00C04F79EFBC}") = "ConsoleApp", "ConsoleApp.csproj", "{EFBDD761-9BA6-4C5C-BB46-4DE98AFD030A}"
EndProject
Global
	GlobalSection(SolutionConfigurationPlatforms) = preSolution
		Debug|Any CPU = Debug|Any CPU
		Release|Any CPU = Release|Any CPU
	EndGlobalSection
	GlobalSection(ProjectConfigurationPlatforms) = postSolution
		{EFBDD761-9BA6-4C5C-BB46-4DE98AFD030A}.Debug|Any CPU.ActiveCfg = Debug|Any CPU
		{EFBDD761-9BA6-4C5C-BB46-4DE98AFD030A}.Debug|Any CPU.Build.0 = Debug|Any CPU
		{EFBDD761-9BA6-4C5C-BB46-4DE98AFD030A}.Release|Any CPU.ActiveCfg = Release|Any CPU
		{EFBDD761-9BA6-4C5C-BB46-4DE98AFD030A}.Release|Any CPU.Build.0 = Release|Any CPU
	EndGlobalSection
	GlobalSection(SolutionProperties) = preSolution
		HideSolutionNode = FALSE
	EndGlobalSection
	GlobalSection(ExtensibilityGlobals) = postSolution
		SolutionGuid = {3393A54E-6555-4526-8094-43DEF463D417}
	EndGlobalSection
EndGlobal
